// !$*UTF8*$!
{
	archiveVersion = 1;
	classes = {
	};
	objectVersion = 56;
	objects = {

/* Begin PBXBuildFile section */
		7018FE542AAAA0DD00C4F6EB /* DataClass.swift in Sources */ = {isa = PBXBuildFile; fileRef = 70C1FF852AAA6FA100C7BEBB /* DataClass.swift */; };
		7039A17A2ABC5B5D0019C851 /* PortfoyViewController.swift in Sources */ = {isa = PBXBuildFile; fileRef = 7039A1792ABC5B5D0019C851 /* PortfoyViewController.swift */; };
		7044DA4F2AA6127900D2511A /* AppDelegate.swift in Sources */ = {isa = PBXBuildFile; fileRef = 7044DA4E2AA6127900D2511A /* AppDelegate.swift */; };
		7044DA512AA6127900D2511A /* SceneDelegate.swift in Sources */ = {isa = PBXBuildFile; fileRef = 7044DA502AA6127900D2511A /* SceneDelegate.swift */; };
		7044DA532AA6127900D2511A /* ViewController.swift in Sources */ = {isa = PBXBuildFile; fileRef = 7044DA522AA6127900D2511A /* ViewController.swift */; };
		7044DA562AA6127900D2511A /* Main.storyboard in Resources */ = {isa = PBXBuildFile; fileRef = 7044DA542AA6127900D2511A /* Main.storyboard */; };
		7044DA592AA6127900D2511A /* BorsaApp.xcdatamodeld in Sources */ = {isa = PBXBuildFile; fileRef = 7044DA572AA6127900D2511A /* BorsaApp.xcdatamodeld */; };
		7044DA5B2AA6127A00D2511A /* Assets.xcassets in Resources */ = {isa = PBXBuildFile; fileRef = 7044DA5A2AA6127A00D2511A /* Assets.xcassets */; };
		7044DA5E2AA6127A00D2511A /* LaunchScreen.storyboard in Resources */ = {isa = PBXBuildFile; fileRef = 7044DA5C2AA6127A00D2511A /* LaunchScreen.storyboard */; };
		7044DA672AA612D100D2511A /* SwiftSoup in Frameworks */ = {isa = PBXBuildFile; productRef = 7044DA662AA612D100D2511A /* SwiftSoup */; };
		70C1FF842AAA6C0100C7BEBB /* AddVierController.swift in Sources */ = {isa = PBXBuildFile; fileRef = 70C1FF832AAA6C0100C7BEBB /* AddVierController.swift */; };
		70E5551D2AB9A45D0060932E /* LoginVC.swift in Sources */ = {isa = PBXBuildFile; fileRef = 70E5551C2AB9A45D0060932E /* LoginVC.swift */; };
		70E5551F2AB9AF890060932E /* HisseEklemeVC.swift in Sources */ = {isa = PBXBuildFile; fileRef = 70E5551E2AB9AF890060932E /* HisseEklemeVC.swift */; };
		70FC8BFB2AB8B50D00DCB2DC /* MyTableCell.swift in Sources */ = {isa = PBXBuildFile; fileRef = 70FC8BFA2AB8B50D00DCB2DC /* MyTableCell.swift */; };
		70FC8BFD2AB8FC3C00DCB2DC /* GoogleService-Info.plist in Resources */ = {isa = PBXBuildFile; fileRef = 70FC8BFC2AB8FC3C00DCB2DC /* GoogleService-Info.plist */; };
		70FC8C002AB8FCE800DCB2DC /* FirebaseAuth in Frameworks */ = {isa = PBXBuildFile; productRef = 70FC8BFF2AB8FCE800DCB2DC /* FirebaseAuth */; };
		70FC8C022AB8FCE800DCB2DC /* FirebaseDatabase in Frameworks */ = {isa = PBXBuildFile; productRef = 70FC8C012AB8FCE800DCB2DC /* FirebaseDatabase */; };
		70FC8C042AB8FCE800DCB2DC /* FirebaseFirestore in Frameworks */ = {isa = PBXBuildFile; productRef = 70FC8C032AB8FCE800DCB2DC /* FirebaseFirestore */; };
		70FC8C062AB8FCE800DCB2DC /* FirebaseStorage in Frameworks */ = {isa = PBXBuildFile; productRef = 70FC8C052AB8FCE800DCB2DC /* FirebaseStorage */; };
/* End PBXBuildFile section */

/* Begin PBXFileReference section */
		70099E832AADD72500E11C8B /* en */ = {isa = PBXFileReference; lastKnownFileType = text.plist.strings; name = en; path = en.lproj/Main.strings; sourceTree = "<group>"; };
		7039A1792ABC5B5D0019C851 /* PortfoyViewController.swift */ = {isa = PBXFileReference; lastKnownFileType = sourcecode.swift; path = PortfoyViewController.swift; sourceTree = "<group>"; };
		7044DA4B2AA6127900D2511A /* BorsaApp.app */ = {isa = PBXFileReference; explicitFileType = wrapper.application; includeInIndex = 0; path = BorsaApp.app; sourceTree = BUILT_PRODUCTS_DIR; };
		7044DA4E2AA6127900D2511A /* AppDelegate.swift */ = {isa = PBXFileReference; lastKnownFileType = sourcecode.swift; path = AppDelegate.swift; sourceTree = "<group>"; };
		7044DA502AA6127900D2511A /* SceneDelegate.swift */ = {isa = PBXFileReference; lastKnownFileType = sourcecode.swift; path = SceneDelegate.swift; sourceTree = "<group>"; };
		7044DA522AA6127900D2511A /* ViewController.swift */ = {isa = PBXFileReference; lastKnownFileType = sourcecode.swift; path = ViewController.swift; sourceTree = "<group>"; };
		7044DA552AA6127900D2511A /* Base */ = {isa = PBXFileReference; lastKnownFileType = file.storyboard; name = Base; path = Base.lproj/Main.storyboard; sourceTree = "<group>"; };
		7044DA582AA6127900D2511A /* BorsaApp.xcdatamodel */ = {isa = PBXFileReference; lastKnownFileType = wrapper.xcdatamodel; path = BorsaApp.xcdatamodel; sourceTree = "<group>"; };
		7044DA5A2AA6127A00D2511A /* Assets.xcassets */ = {isa = PBXFileReference; lastKnownFileType = folder.assetcatalog; path = Assets.xcassets; sourceTree = "<group>"; };
		7044DA5D2AA6127A00D2511A /* Base */ = {isa = PBXFileReference; lastKnownFileType = file.storyboard; name = Base; path = Base.lproj/LaunchScreen.storyboard; sourceTree = "<group>"; };
		7044DA5F2AA6127A00D2511A /* Info.plist */ = {isa = PBXFileReference; lastKnownFileType = text.plist.xml; path = Info.plist; sourceTree = "<group>"; };
		70C1FF832AAA6C0100C7BEBB /* AddVierController.swift */ = {isa = PBXFileReference; lastKnownFileType = sourcecode.swift; path = AddVierController.swift; sourceTree = "<group>"; };
		70C1FF852AAA6FA100C7BEBB /* DataClass.swift */ = {isa = PBXFileReference; lastKnownFileType = sourcecode.swift; path = DataClass.swift; sourceTree = "<group>"; wrapsLines = 1; };
		70E5551C2AB9A45D0060932E /* LoginVC.swift */ = {isa = PBXFileReference; lastKnownFileType = sourcecode.swift; path = LoginVC.swift; sourceTree = "<group>"; };
		70E5551E2AB9AF890060932E /* HisseEklemeVC.swift */ = {isa = PBXFileReference; lastKnownFileType = sourcecode.swift; path = HisseEklemeVC.swift; sourceTree = "<group>"; };
		70FC8BFA2AB8B50D00DCB2DC /* MyTableCell.swift */ = {isa = PBXFileReference; lastKnownFileType = sourcecode.swift; path = MyTableCell.swift; sourceTree = "<group>"; };
		70FC8BFC2AB8FC3C00DCB2DC /* GoogleService-Info.plist */ = {isa = PBXFileReference; fileEncoding = 4; lastKnownFileType = text.plist.xml; path = "GoogleService-Info.plist"; sourceTree = "<group>"; };
/* End PBXFileReference section */

/* Begin PBXFrameworksBuildPhase section */
		7044DA482AA6127900D2511A /* Frameworks */ = {
			isa = PBXFrameworksBuildPhase;
			buildActionMask = 2147483647;
			files = (
				70FC8C022AB8FCE800DCB2DC /* FirebaseDatabase in Frameworks */,
				70FC8C042AB8FCE800DCB2DC /* FirebaseFirestore in Frameworks */,
				7044DA672AA612D100D2511A /* SwiftSoup in Frameworks */,
				70FC8C062AB8FCE800DCB2DC /* FirebaseStorage in Frameworks */,
				70FC8C002AB8FCE800DCB2DC /* FirebaseAuth in Frameworks */,
			);
			runOnlyForDeploymentPostprocessing = 0;
		};
/* End PBXFrameworksBuildPhase section */

/* Begin PBXGroup section */
		7039A17B2ABC8E060019C851 /* ViewController */ = {
			isa = PBXGroup;
			children = (
				70C1FF832AAA6C0100C7BEBB /* AddVierController.swift */,
				7044DA522AA6127900D2511A /* ViewController.swift */,
				70E5551C2AB9A45D0060932E /* LoginVC.swift */,
				70E5551E2AB9AF890060932E /* HisseEklemeVC.swift */,
				7039A1792ABC5B5D0019C851 /* PortfoyViewController.swift */,
			);
			name = ViewController;
			sourceTree = "<group>";
		};
		7044DA422AA6127900D2511A = {
			isa = PBXGroup;
			children = (
				7044DA4D2AA6127900D2511A /* BorsaApp */,
				7044DA4C2AA6127900D2511A /* Products */,
			);
			sourceTree = "<group>";
		};
		7044DA4C2AA6127900D2511A /* Products */ = {
			isa = PBXGroup;
			children = (
				7044DA4B2AA6127900D2511A /* BorsaApp.app */,
			);
			name = Products;
			sourceTree = "<group>";
		};
		7044DA4D2AA6127900D2511A /* BorsaApp */ = {
			isa = PBXGroup;
			children = (
				7039A17B2ABC8E060019C851 /* ViewController */,
				7044DA4E2AA6127900D2511A /* AppDelegate.swift */,
				7044DA502AA6127900D2511A /* SceneDelegate.swift */,
				7044DA542AA6127900D2511A /* Main.storyboard */,
				7044DA5A2AA6127A00D2511A /* Assets.xcassets */,
				7044DA5C2AA6127A00D2511A /* LaunchScreen.storyboard */,
				7044DA5F2AA6127A00D2511A /* Info.plist */,
				7044DA572AA6127900D2511A /* BorsaApp.xcdatamodeld */,
				70C1FF852AAA6FA100C7BEBB /* DataClass.swift */,
				70FC8BFC2AB8FC3C00DCB2DC /* GoogleService-Info.plist */,
				70FC8BFA2AB8B50D00DCB2DC /* MyTableCell.swift */,
			);
			path = BorsaApp;
			sourceTree = "<group>";
		};
/* End PBXGroup section */

/* Begin PBXNativeTarget section */
		7044DA4A2AA6127900D2511A /* BorsaApp */ = {
			isa = PBXNativeTarget;
			buildConfigurationList = 7044DA622AA6127A00D2511A /* Build configuration list for PBXNativeTarget "BorsaApp" */;
			buildPhases = (
				7044DA472AA6127900D2511A /* Sources */,
				7044DA482AA6127900D2511A /* Frameworks */,
				7044DA492AA6127900D2511A /* Resources */,
			);
			buildRules = (
			);
			dependencies = (
			);
			name = BorsaApp;
			packageProductDependencies = (
				7044DA662AA612D100D2511A /* SwiftSoup */,
				70FC8BFF2AB8FCE800DCB2DC /* FirebaseAuth */,
				70FC8C012AB8FCE800DCB2DC /* FirebaseDatabase */,
				70FC8C032AB8FCE800DCB2DC /* FirebaseFirestore */,
				70FC8C052AB8FCE800DCB2DC /* FirebaseStorage */,
			);
			productName = BorsaApp;
			productReference = 7044DA4B2AA6127900D2511A /* BorsaApp.app */;
			productType = "com.apple.product-type.application";
		};
/* End PBXNativeTarget section */

/* Begin PBXProject section */
		7044DA432AA6127900D2511A /* Project object */ = {
			isa = PBXProject;
			attributes = {
				BuildIndependentTargetsInParallel = 1;
				LastSwiftUpdateCheck = 1430;
				LastUpgradeCheck = 1430;
				TargetAttributes = {
					7044DA4A2AA6127900D2511A = {
						CreatedOnToolsVersion = 14.3.1;
					};
				};
			};
			buildConfigurationList = 7044DA462AA6127900D2511A /* Build configuration list for PBXProject "BorsaApp" */;
			compatibilityVersion = "Xcode 14.0";
			developmentRegion = en;
			hasScannedForEncodings = 0;
			knownRegions = (
				en,
				Base,
			);
			mainGroup = 7044DA422AA6127900D2511A;
			packageReferences = (
				7044DA652AA612D100D2511A /* XCRemoteSwiftPackageReference "SwiftSoup" */,
				70FC8BFE2AB8FCE800DCB2DC /* XCRemoteSwiftPackageReference "firebase-ios-sdk" */,
			);
			productRefGroup = 7044DA4C2AA6127900D2511A /* Products */;
			projectDirPath = "";
			projectRoot = "";
			targets = (
				7044DA4A2AA6127900D2511A /* BorsaApp */,
			);
		};
/* End PBXProject section */

/* Begin PBXResourcesBuildPhase section */
		7044DA492AA6127900D2511A /* Resources */ = {
			isa = PBXResourcesBuildPhase;
			buildActionMask = 2147483647;
			files = (
				7044DA5E2AA6127A00D2511A /* LaunchScreen.storyboard in Resources */,
				70FC8BFD2AB8FC3C00DCB2DC /* GoogleService-Info.plist in Resources */,
				7044DA5B2AA6127A00D2511A /* Assets.xcassets in Resources */,
				7044DA562AA6127900D2511A /* Main.storyboard in Resources */,
			);
			runOnlyForDeploymentPostprocessing = 0;
		};
/* End PBXResourcesBuildPhase section */

/* Begin PBXSourcesBuildPhase section */
		7044DA472AA6127900D2511A /* Sources */ = {
			isa = PBXSourcesBuildPhase;
			buildActionMask = 2147483647;
			files = (
				7018FE542AAAA0DD00C4F6EB /* DataClass.swift in Sources */,
				7044DA532AA6127900D2511A /* ViewController.swift in Sources */,
				7039A17A2ABC5B5D0019C851 /* PortfoyViewController.swift in Sources */,
				70E5551D2AB9A45D0060932E /* LoginVC.swift in Sources */,
				70E5551F2AB9AF890060932E /* HisseEklemeVC.swift in Sources */,
				7044DA592AA6127900D2511A /* BorsaApp.xcdatamodeld in Sources */,
				7044DA4F2AA6127900D2511A /* AppDelegate.swift in Sources */,
				7044DA512AA6127900D2511A /* SceneDelegate.swift in Sources */,
				70C1FF842AAA6C0100C7BEBB /* AddVierController.swift in Sources */,
				70FC8BFB2AB8B50D00DCB2DC /* MyTableCell.swift in Sources */,
			);
			runOnlyForDeploymentPostprocessing = 0;
		};
/* End PBXSourcesBuildPhase section */

/* Begin PBXVariantGroup section */
		7044DA542AA6127900D2511A /* Main.storyboard */ = {
			isa = PBXVariantGroup;
			children = (
				7044DA552AA6127900D2511A /* Base */,
				70099E832AADD72500E11C8B /* en */,
			);
			name = Main.storyboard;
			sourceTree = "<group>";
		};
		7044DA5C2AA6127A00D2511A /* LaunchScreen.storyboard */ = {
			isa = PBXVariantGroup;
			children = (
				7044DA5D2AA6127A00D2511A /* Base */,
			);
			name = LaunchScreen.storyboard;
			sourceTree = "<group>";
		};
/* End PBXVariantGroup section */

/* Begin XCBuildConfiguration section */
		7044DA602AA6127A00D2511A /* Debug */ = {
			isa = XCBuildConfiguration;
			buildSettings = {
				ALWAYS_SEARCH_USER_PATHS = NO;
				CLANG_ANALYZER_NONNULL = YES;
				CLANG_ANALYZER_NUMBER_OBJECT_CONVERSION = YES_AGGRESSIVE;
				CLANG_CXX_LANGUAGE_STANDARD = "gnu++20";
				CLANG_ENABLE_MODULES = YES;
				CLANG_ENABLE_OBJC_ARC = YES;
				CLANG_ENABLE_OBJC_WEAK = YES;
				CLANG_WARN_BLOCK_CAPTURE_AUTORELEASING = YES;
				CLANG_WARN_BOOL_CONVERSION = YES;
				CLANG_WARN_COMMA = YES;
				CLANG_WARN_CONSTANT_CONVERSION = YES;
				CLANG_WARN_DEPRECATED_OBJC_IMPLEMENTATIONS = YES;
				CLANG_WARN_DIRECT_OBJC_ISA_USAGE = YES_ERROR;
				CLANG_WARN_DOCUMENTATION_COMMENTS = YES;
				CLANG_WARN_EMPTY_BODY = YES;
				CLANG_WARN_ENUM_CONVERSION = YES;
				CLANG_WARN_INFINITE_RECURSION = YES;
				CLANG_WARN_INT_CONVERSION = YES;
				CLANG_WARN_NON_LITERAL_NULL_CONVERSION = YES;
				CLANG_WARN_OBJC_IMPLICIT_RETAIN_SELF = YES;
				CLANG_WARN_OBJC_LITERAL_CONVERSION = YES;
				CLANG_WARN_OBJC_ROOT_CLASS = YES_ERROR;
				CLANG_WARN_QUOTED_INCLUDE_IN_FRAMEWORK_HEADER = YES;
				CLANG_WARN_RANGE_LOOP_ANALYSIS = YES;
				CLANG_WARN_STRICT_PROTOTYPES = YES;
				CLANG_WARN_SUSPICIOUS_MOVE = YES;
				CLANG_WARN_UNGUARDED_AVAILABILITY = YES_AGGRESSIVE;
				CLANG_WARN_UNREACHABLE_CODE = YES;
				CLANG_WARN__DUPLICATE_METHOD_MATCH = YES;
				COPY_PHASE_STRIP = NO;
				DEBUG_INFORMATION_FORMAT = dwarf;
				ENABLE_STRICT_OBJC_MSGSEND = YES;
				ENABLE_TESTABILITY = YES;
				GCC_C_LANGUAGE_STANDARD = gnu11;
				GCC_DYNAMIC_NO_PIC = NO;
				GCC_NO_COMMON_BLOCKS = YES;
				GCC_OPTIMIZATION_LEVEL = 0;
				GCC_PREPROCESSOR_DEFINITIONS = (
					"DEBUG=1",
					"$(inherited)",
				);
				GCC_WARN_64_TO_32_BIT_CONVERSION = YES;
				GCC_WARN_ABOUT_RETURN_TYPE = YES_ERROR;
				GCC_WARN_UNDECLARED_SELECTOR = YES;
				GCC_WARN_UNINITIALIZED_AUTOS = YES_AGGRESSIVE;
				GCC_WARN_UNUSED_FUNCTION = YES;
				GCC_WARN_UNUSED_VARIABLE = YES;
				IPHONEOS_DEPLOYMENT_TARGET = 16.4;
				MTL_ENABLE_DEBUG_INFO = INCLUDE_SOURCE;
				MTL_FAST_MATH = YES;
				ONLY_ACTIVE_ARCH = YES;
				SDKROOT = iphoneos;
				SWIFT_ACTIVE_COMPILATION_CONDITIONS = DEBUG;
				SWIFT_OPTIMIZATION_LEVEL = "-Onone";
			};
			name = Debug;
		};
		7044DA612AA6127A00D2511A /* Release */ = {
			isa = XCBuildConfiguration;
			buildSettings = {
				ALWAYS_SEARCH_USER_PATHS = NO;
				CLANG_ANALYZER_NONNULL = YES;
				CLANG_ANALYZER_NUMBER_OBJECT_CONVERSION = YES_AGGRESSIVE;
				CLANG_CXX_LANGUAGE_STANDARD = "gnu++20";
				CLANG_ENABLE_MODULES = YES;
				CLANG_ENABLE_OBJC_ARC = YES;
				CLANG_ENABLE_OBJC_WEAK = YES;
				CLANG_WARN_BLOCK_CAPTURE_AUTORELEASING = YES;
				CLANG_WARN_BOOL_CONVERSION = YES;
				CLANG_WARN_COMMA = YES;
				CLANG_WARN_CONSTANT_CONVERSION = YES;
				CLANG_WARN_DEPRECATED_OBJC_IMPLEMENTATIONS = YES;
				CLANG_WARN_DIRECT_OBJC_ISA_USAGE = YES_ERROR;
				CLANG_WARN_DOCUMENTATION_COMMENTS = YES;
				CLANG_WARN_EMPTY_BODY = YES;
				CLANG_WARN_ENUM_CONVERSION = YES;
				CLANG_WARN_INFINITE_RECURSION = YES;
				CLANG_WARN_INT_CONVERSION = YES;
				CLANG_WARN_NON_LITERAL_NULL_CONVERSION = YES;
				CLANG_WARN_OBJC_IMPLICIT_RETAIN_SELF = YES;
				CLANG_WARN_OBJC_LITERAL_CONVERSION = YES;
				CLANG_WARN_OBJC_ROOT_CLASS = YES_ERROR;
				CLANG_WARN_QUOTED_INCLUDE_IN_FRAMEWORK_HEADER = YES;
				CLANG_WARN_RANGE_LOOP_ANALYSIS = YES;
				CLANG_WARN_STRICT_PROTOTYPES = YES;
				CLANG_WARN_SUSPICIOUS_MOVE = YES;
				CLANG_WARN_UNGUARDED_AVAILABILITY = YES_AGGRESSIVE;
				CLANG_WARN_UNREACHABLE_CODE = YES;
				CLANG_WARN__DUPLICATE_METHOD_MATCH = YES;
				COPY_PHASE_STRIP = NO;
				DEBUG_INFORMATION_FORMAT = "dwarf-with-dsym";
				ENABLE_NS_ASSERTIONS = NO;
				ENABLE_STRICT_OBJC_MSGSEND = YES;
				GCC_C_LANGUAGE_STANDARD = gnu11;
				GCC_NO_COMMON_BLOCKS = YES;
				GCC_WARN_64_TO_32_BIT_CONVERSION = YES;
				GCC_WARN_ABOUT_RETURN_TYPE = YES_ERROR;
				GCC_WARN_UNDECLARED_SELECTOR = YES;
				GCC_WARN_UNINITIALIZED_AUTOS = YES_AGGRESSIVE;
				GCC_WARN_UNUSED_FUNCTION = YES;
				GCC_WARN_UNUSED_VARIABLE = YES;
				IPHONEOS_DEPLOYMENT_TARGET = 16.4;
				MTL_ENABLE_DEBUG_INFO = NO;
				MTL_FAST_MATH = YES;
				SDKROOT = iphoneos;
				SWIFT_COMPILATION_MODE = wholemodule;
				SWIFT_OPTIMIZATION_LEVEL = "-O";
				VALIDATE_PRODUCT = YES;
			};
			name = Release;
		};
		7044DA632AA6127A00D2511A /* Debug */ = {
			isa = XCBuildConfiguration;
			buildSettings = {
				ASSETCATALOG_COMPILER_APPICON_NAME = AppIcon;
				ASSETCATALOG_COMPILER_GLOBAL_ACCENT_COLOR_NAME = AccentColor;
				CODE_SIGN_STYLE = Automatic;
				CURRENT_PROJECT_VERSION = 1;
				DEVELOPMENT_TEAM = UM72S4X4DC;
				GENERATE_INFOPLIST_FILE = YES;
				INFOPLIST_FILE = BorsaApp/Info.plist;
				INFOPLIST_KEY_UIApplicationSupportsIndirectInputEvents = YES;
				INFOPLIST_KEY_UILaunchStoryboardName = LaunchScreen;
				INFOPLIST_KEY_UIMainStoryboardFile = Main;
				INFOPLIST_KEY_UISupportedInterfaceOrientations_iPad = "UIInterfaceOrientationPortrait UIInterfaceOrientationPortraitUpsideDown UIInterfaceOrientationLandscapeLeft UIInterfaceOrientationLandscapeRight";
				INFOPLIST_KEY_UISupportedInterfaceOrientations_iPhone = "UIInterfaceOrientationPortrait UIInterfaceOrientationLandscapeLeft UIInterfaceOrientationLandscapeRight";
				LD_RUNPATH_SEARCH_PATHS = (
					"$(inherited)",
					"@executable_path/Frameworks",
				);
				MARKETING_VERSION = 1.0;
				PRODUCT_BUNDLE_IDENTIFIER = com.erenkorkmaz.BorsaApp;
				PRODUCT_NAME = "$(TARGET_NAME)";
				SWIFT_EMIT_LOC_STRINGS = YES;
				SWIFT_VERSION = 5.0;
				TARGETED_DEVICE_FAMILY = "1,2";
			};
			name = Debug;
		};
		7044DA642AA6127A00D2511A /* Release */ = {
			isa = XCBuildConfiguration;
			buildSettings = {
				ASSETCATALOG_COMPILER_APPICON_NAME = AppIcon;
				ASSETCATALOG_COMPILER_GLOBAL_ACCENT_COLOR_NAME = AccentColor;
				CODE_SIGN_STYLE = Automatic;
				CURRENT_PROJECT_VERSION = 1;
				DEVELOPMENT_TEAM = UM72S4X4DC;
				GENERATE_INFOPLIST_FILE = YES;
				INFOPLIST_FILE = BorsaApp/Info.plist;
				INFOPLIST_KEY_UIApplicationSupportsIndirectInputEvents = YES;
				INFOPLIST_KEY_UILaunchStoryboardName = LaunchScreen;
				INFOPLIST_KEY_UIMainStoryboardFile = Main;
				INFOPLIST_KEY_UISupportedInterfaceOrientations_iPad = "UIInterfaceOrientationPortrait UIInterfaceOrientationPortraitUpsideDown UIInterfaceOrientationLandscapeLeft UIInterfaceOrientationLandscapeRight";
				INFOPLIST_KEY_UISupportedInterfaceOrientations_iPhone = "UIInterfaceOrientationPortrait UIInterfaceOrientationLandscapeLeft UIInterfaceOrientationLandscapeRight";
				LD_RUNPATH_SEARCH_PATHS = (
					"$(inherited)",
					"@executable_path/Frameworks",
				);
				MARKETING_VERSION = 1.0;
				PRODUCT_BUNDLE_IDENTIFIER = com.erenkorkmaz.BorsaApp;
				PRODUCT_NAME = "$(TARGET_NAME)";
				SWIFT_EMIT_LOC_STRINGS = YES;
				SWIFT_VERSION = 5.0;
				TARGETED_DEVICE_FAMILY = "1,2";
			};
			name = Release;
		};
/* End XCBuildConfiguration section */

/* Begin XCConfigurationList section */
		7044DA462AA6127900D2511A /* Build configuration list for PBXProject "BorsaApp" */ = {
			isa = XCConfigurationList;
			buildConfigurations = (
				7044DA602AA6127A00D2511A /* Debug */,
				7044DA612AA6127A00D2511A /* Release */,
			);
			defaultConfigurationIsVisible = 0;
			defaultConfigurationName = Release;
		};
		7044DA622AA6127A00D2511A /* Build configuration list for PBXNativeTarget "BorsaApp" */ = {
			isa = XCConfigurationList;
			buildConfigurations = (
				7044DA632AA6127A00D2511A /* Debug */,
				7044DA642AA6127A00D2511A /* Release */,
			);
			defaultConfigurationIsVisible = 0;
			defaultConfigurationName = Release;
		};
/* End XCConfigurationList section */

/* Begin XCRemoteSwiftPackageReference section */
		7044DA652AA612D100D2511A /* XCRemoteSwiftPackageReference "SwiftSoup" */ = {
			isa = XCRemoteSwiftPackageReference;
			repositoryURL = "https://github.com/scinfu/SwiftSoup";
			requirement = {
				kind = upToNextMajorVersion;
				minimumVersion = 2.0.0;
			};
		};
		70FC8BFE2AB8FCE800DCB2DC /* XCRemoteSwiftPackageReference "firebase-ios-sdk" */ = {
			isa = XCRemoteSwiftPackageReference;
			repositoryURL = "https://github.com/firebase/firebase-ios-sdk";
			requirement = {
				kind = upToNextMajorVersion;
				minimumVersion = 10.0.0;
			};
		};
/* End XCRemoteSwiftPackageReference section */

/* Begin XCSwiftPackageProductDependency section */
		7044DA662AA612D100D2511A /* SwiftSoup */ = {
			isa = XCSwiftPackageProductDependency;
			package = 7044DA652AA612D100D2511A /* XCRemoteSwiftPackageReference "SwiftSoup" */;
			productName = SwiftSoup;
		};
		70FC8BFF2AB8FCE800DCB2DC /* FirebaseAuth */ = {
			isa = XCSwiftPackageProductDependency;
			package = 70FC8BFE2AB8FCE800DCB2DC /* XCRemoteSwiftPackageReference "firebase-ios-sdk" */;
			productName = FirebaseAuth;
		};
		70FC8C012AB8FCE800DCB2DC /* FirebaseDatabase */ = {
			isa = XCSwiftPackageProductDependency;
			package = 70FC8BFE2AB8FCE800DCB2DC /* XCRemoteSwiftPackageReference "firebase-ios-sdk" */;
			productName = FirebaseDatabase;
		};
		70FC8C032AB8FCE800DCB2DC /* FirebaseFirestore */ = {
			isa = XCSwiftPackageProductDependency;
			package = 70FC8BFE2AB8FCE800DCB2DC /* XCRemoteSwiftPackageReference "firebase-ios-sdk" */;
			productName = FirebaseFirestore;
		};
		70FC8C052AB8FCE800DCB2DC /* FirebaseStorage */ = {
			isa = XCSwiftPackageProductDependency;
			package = 70FC8BFE2AB8FCE800DCB2DC /* XCRemoteSwiftPackageReference "firebase-ios-sdk" */;
			productName = FirebaseStorage;
		};
/* End XCSwiftPackageProductDependency section */

/* Begin XCVersionGroup section */
		7044DA572AA6127900D2511A /* BorsaApp.xcdatamodeld */ = {
			isa = XCVersionGroup;
			children = (
				7044DA582AA6127900D2511A /* BorsaApp.xcdatamodel */,
			);
			currentVersion = 7044DA582AA6127900D2511A /* BorsaApp.xcdatamodel */;
			path = BorsaApp.xcdatamodeld;
			sourceTree = "<group>";
			versionGroupType = wrapper.xcdatamodel;
		};
/* End XCVersionGroup section */
	};
	rootObject = 7044DA432AA6127900D2511A /* Project object */;
}
